// !$*UTF8*$!
{
	archiveVersion = 1;
	classes = {
	};
	objectVersion = 77;
	objects = {

/* Begin PBXBuildFile section */
		9322A45E2E5CE7E9006E5927 /* CaptureSessionManager.swift in Sources */ = {isa = PBXBuildFile; fileRef = 9322A45D2E5CE7E4006E5927 /* CaptureSessionManager.swift */; };
		938BF52D2E5F736D000BC3DB /* VisionOCR.swift in Sources */ = {isa = PBXBuildFile; fileRef = 938BF52C2E5F7362000BC3DB /* VisionOCR.swift */; };
		93B3CE942E5CD51C00677698 /* CameraPermissions.swift in Sources */ = {isa = PBXBuildFile; fileRef = 93B3CE932E5CC35C00677698 /* CameraPermissions.swift */; };
		93C41FEE2E5DF38B00A2478D /* CameraPreview.swift in Sources */ = {isa = PBXBuildFile; fileRef = 93C41FED2E5DF37500A2478D /* CameraPreview.swift */; };
/* End PBXBuildFile section */

/* Begin PBXContainerItemProxy section */
		93BD3B632E5B881F0064D527 /* PBXContainerItemProxy */ = {
			isa = PBXContainerItemProxy;
			containerPortal = 93BD3B4D2E5B881B0064D527 /* Project object */;
			proxyType = 1;
			remoteGlobalIDString = 93BD3B542E5B881B0064D527;
			remoteInfo = SpinVal;
		};
		93BD3B6D2E5B881F0064D527 /* PBXContainerItemProxy */ = {
			isa = PBXContainerItemProxy;
			containerPortal = 93BD3B4D2E5B881B0064D527 /* Project object */;
			proxyType = 1;
			remoteGlobalIDString = 93BD3B542E5B881B0064D527;
			remoteInfo = SpinVal;
		};
/* End PBXContainerItemProxy section */

/* Begin PBXFileReference section */
		9322A45D2E5CE7E4006E5927 /* CaptureSessionManager.swift */ = {isa = PBXFileReference; lastKnownFileType = sourcecode.swift; path = CaptureSessionManager.swift; sourceTree = "<group>"; };
		938BF52C2E5F7362000BC3DB /* VisionOCR.swift */ = {isa = PBXFileReference; lastKnownFileType = sourcecode.swift; path = VisionOCR.swift; sourceTree = "<group>"; };
		93B3CE932E5CC35C00677698 /* CameraPermissions.swift */ = {isa = PBXFileReference; lastKnownFileType = sourcecode.swift; path = CameraPermissions.swift; sourceTree = "<group>"; };
		93BD3B552E5B881B0064D527 /* SpinVal.app */ = {isa = PBXFileReference; explicitFileType = wrapper.application; includeInIndex = 0; path = SpinVal.app; sourceTree = BUILT_PRODUCTS_DIR; };
		93BD3B622E5B881F0064D527 /* SpinValTests.xctest */ = {isa = PBXFileReference; explicitFileType = wrapper.cfbundle; includeInIndex = 0; path = SpinValTests.xctest; sourceTree = BUILT_PRODUCTS_DIR; };
		93BD3B6C2E5B881F0064D527 /* SpinValUITests.xctest */ = {isa = PBXFileReference; explicitFileType = wrapper.cfbundle; includeInIndex = 0; path = SpinValUITests.xctest; sourceTree = BUILT_PRODUCTS_DIR; };
		93C41FED2E5DF37500A2478D /* CameraPreview.swift */ = {isa = PBXFileReference; lastKnownFileType = sourcecode.swift; path = CameraPreview.swift; sourceTree = "<group>"; };
/* End PBXFileReference section */

/* Begin PBXFileSystemSynchronizedBuildFileExceptionSet section */
		93B3CE902E5CBEE200677698 /* Exceptions for "SpinVal" folder in "SpinVal" target */ = {
			isa = PBXFileSystemSynchronizedBuildFileExceptionSet;
			membershipExceptions = (
				Info.plist,
			);
			target = 93BD3B542E5B881B0064D527 /* SpinVal */;
		};
/* End PBXFileSystemSynchronizedBuildFileExceptionSet section */

/* Begin PBXFileSystemSynchronizedRootGroup section */
		93BD3B572E5B881B0064D527 /* SpinVal */ = {
			isa = PBXFileSystemSynchronizedRootGroup;
			exceptions = (
				93B3CE902E5CBEE200677698 /* Exceptions for "SpinVal" folder in "SpinVal" target */,
			);
			path = SpinVal;
			sourceTree = "<group>";
		};
		93BD3B652E5B881F0064D527 /* SpinValTests */ = {
			isa = PBXFileSystemSynchronizedRootGroup;
			path = SpinValTests;
			sourceTree = "<group>";
		};
		93BD3B6F2E5B881F0064D527 /* SpinValUITests */ = {
			isa = PBXFileSystemSynchronizedRootGroup;
			path = SpinValUITests;
			sourceTree = "<group>";
		};
/* End PBXFileSystemSynchronizedRootGroup section */

/* Begin PBXFrameworksBuildPhase section */
		93BD3B522E5B881B0064D527 /* Frameworks */ = {
			isa = PBXFrameworksBuildPhase;
			buildActionMask = 2147483647;
			files = (
			);
			runOnlyForDeploymentPostprocessing = 0;
		};
		93BD3B5F2E5B881F0064D527 /* Frameworks */ = {
			isa = PBXFrameworksBuildPhase;
			buildActionMask = 2147483647;
			files = (
			);
			runOnlyForDeploymentPostprocessing = 0;
		};
		93BD3B692E5B881F0064D527 /* Frameworks */ = {
			isa = PBXFrameworksBuildPhase;
			buildActionMask = 2147483647;
			files = (
			);
			runOnlyForDeploymentPostprocessing = 0;
		};
/* End PBXFrameworksBuildPhase section */

/* Begin PBXGroup section */
		93B3CE922E5CC30500677698 /* CaptureKit */ = {
			isa = PBXGroup;
			children = (
				938BF52C2E5F7362000BC3DB /* VisionOCR.swift */,
				93C41FED2E5DF37500A2478D /* CameraPreview.swift */,
				9322A45D2E5CE7E4006E5927 /* CaptureSessionManager.swift */,
				93B3CE932E5CC35C00677698 /* CameraPermissions.swift */,
			);
			path = CaptureKit;
			sourceTree = "<group>";
		};
		93BD3B4C2E5B881B0064D527 = {
			isa = PBXGroup;
			children = (
				93B3CE922E5CC30500677698 /* CaptureKit */,
				93BD3B572E5B881B0064D527 /* SpinVal */,
				93BD3B652E5B881F0064D527 /* SpinValTests */,
				93BD3B6F2E5B881F0064D527 /* SpinValUITests */,
				93BD3B562E5B881B0064D527 /* Products */,
			);
			sourceTree = "<group>";
		};
		93BD3B562E5B881B0064D527 /* Products */ = {
			isa = PBXGroup;
			children = (
				93BD3B552E5B881B0064D527 /* SpinVal.app */,
				93BD3B622E5B881F0064D527 /* SpinValTests.xctest */,
				93BD3B6C2E5B881F0064D527 /* SpinValUITests.xctest */,
			);
			name = Products;
			sourceTree = "<group>";
		};
/* End PBXGroup section */

/* Begin PBXNativeTarget section */
		93BD3B542E5B881B0064D527 /* SpinVal */ = {
			isa = PBXNativeTarget;
			buildConfigurationList = 93BD3B762E5B881F0064D527 /* Build configuration list for PBXNativeTarget "SpinVal" */;
			buildPhases = (
				93BD3B512E5B881B0064D527 /* Sources */,
				93BD3B522E5B881B0064D527 /* Frameworks */,
				93BD3B532E5B881B0064D527 /* Resources */,
			);
			buildRules = (
			);
			dependencies = (
			);
			fileSystemSynchronizedGroups = (
				93BD3B572E5B881B0064D527 /* SpinVal */,
			);
			name = SpinVal;
			packageProductDependencies = (
			);
			productName = SpinVal;
			productReference = 93BD3B552E5B881B0064D527 /* SpinVal.app */;
			productType = "com.apple.product-type.application";
		};
		93BD3B612E5B881F0064D527 /* SpinValTests */ = {
			isa = PBXNativeTarget;
			buildConfigurationList = 93BD3B792E5B881F0064D527 /* Build configuration list for PBXNativeTarget "SpinValTests" */;
			buildPhases = (
				93BD3B5E2E5B881F0064D527 /* Sources */,
				93BD3B5F2E5B881F0064D527 /* Frameworks */,
				93BD3B602E5B881F0064D527 /* Resources */,
			);
			buildRules = (
			);
			dependencies = (
				93BD3B642E5B881F0064D527 /* PBXTargetDependency */,
			);
			fileSystemSynchronizedGroups = (
				93BD3B652E5B881F0064D527 /* SpinValTests */,
			);
			name = SpinValTests;
			packageProductDependencies = (
			);
			productName = SpinValTests;
			productReference = 93BD3B622E5B881F0064D527 /* SpinValTests.xctest */;
			productType = "com.apple.product-type.bundle.unit-test";
		};
		93BD3B6B2E5B881F0064D527 /* SpinValUITests */ = {
			isa = PBXNativeTarget;
			buildConfigurationList = 93BD3B7C2E5B881F0064D527 /* Build configuration list for PBXNativeTarget "SpinValUITests" */;
			buildPhases = (
				93BD3B682E5B881F0064D527 /* Sources */,
				93BD3B692E5B881F0064D527 /* Frameworks */,
				93BD3B6A2E5B881F0064D527 /* Resources */,
			);
			buildRules = (
			);
			dependencies = (
				93BD3B6E2E5B881F0064D527 /* PBXTargetDependency */,
			);
			fileSystemSynchronizedGroups = (
				93BD3B6F2E5B881F0064D527 /* SpinValUITests */,
			);
			name = SpinValUITests;
			packageProductDependencies = (
			);
			productName = SpinValUITests;
			productReference = 93BD3B6C2E5B881F0064D527 /* SpinValUITests.xctest */;
			productType = "com.apple.product-type.bundle.ui-testing";
		};
/* End PBXNativeTarget section */

/* Begin PBXProject section */
		93BD3B4D2E5B881B0064D527 /* Project object */ = {
			isa = PBXProject;
			attributes = {
				BuildIndependentTargetsInParallel = 1;
				LastSwiftUpdateCheck = 1640;
				LastUpgradeCheck = 1640;
				TargetAttributes = {
					93BD3B542E5B881B0064D527 = {
						CreatedOnToolsVersion = 16.4;
					};
					93BD3B612E5B881F0064D527 = {
						CreatedOnToolsVersion = 16.4;
						TestTargetID = 93BD3B542E5B881B0064D527;
					};
					93BD3B6B2E5B881F0064D527 = {
						CreatedOnToolsVersion = 16.4;
						TestTargetID = 93BD3B542E5B881B0064D527;
					};
				};
			};
			buildConfigurationList = 93BD3B502E5B881B0064D527 /* Build configuration list for PBXProject "SpinVal" */;
			developmentRegion = en;
			hasScannedForEncodings = 0;
			knownRegions = (
				en,
				Base,
			);
			mainGroup = 93BD3B4C2E5B881B0064D527;
			minimizedProjectReferenceProxies = 1;
			preferredProjectObjectVersion = 77;
			productRefGroup = 93BD3B562E5B881B0064D527 /* Products */;
			projectDirPath = "";
			projectRoot = "";
			targets = (
				93BD3B542E5B881B0064D527 /* SpinVal */,
				93BD3B612E5B881F0064D527 /* SpinValTests */,
				93BD3B6B2E5B881F0064D527 /* SpinValUITests */,
			);
		};
/* End PBXProject section */

/* Begin PBXResourcesBuildPhase section */
		93BD3B532E5B881B0064D527 /* Resources */ = {
			isa = PBXResourcesBuildPhase;
			buildActionMask = 2147483647;
			files = (
			);
			runOnlyForDeploymentPostprocessing = 0;
		};
		93BD3B602E5B881F0064D527 /* Resources */ = {
			isa = PBXResourcesBuildPhase;
			buildActionMask = 2147483647;
			files = (
			);
			runOnlyForDeploymentPostprocessing = 0;
		};
		93BD3B6A2E5B881F0064D527 /* Resources */ = {
			isa = PBXResourcesBuildPhase;
			buildActionMask = 2147483647;
			files = (
			);
			runOnlyForDeploymentPostprocessing = 0;
		};
/* End PBXResourcesBuildPhase section */

/* Begin PBXSourcesBuildPhase section */
		93BD3B512E5B881B0064D527 /* Sources */ = {
			isa = PBXSourcesBuildPhase;
			buildActionMask = 2147483647;
			files = (
				93C41FEE2E5DF38B00A2478D /* CameraPreview.swift in Sources */,
				93B3CE942E5CD51C00677698 /* CameraPermissions.swift in Sources */,
				938BF52D2E5F736D000BC3DB /* VisionOCR.swift in Sources */,
				9322A45E2E5CE7E9006E5927 /* CaptureSessionManager.swift in Sources */,
			);
			runOnlyForDeploymentPostprocessing = 0;
		};
		93BD3B5E2E5B881F0064D527 /* Sources */ = {
			isa = PBXSourcesBuildPhase;
			buildActionMask = 2147483647;
			files = (
			);
			runOnlyForDeploymentPostprocessing = 0;
		};
		93BD3B682E5B881F0064D527 /* Sources */ = {
			isa = PBXSourcesBuildPhase;
			buildActionMask = 2147483647;
			files = (
			);
			runOnlyForDeploymentPostprocessing = 0;
		};
/* End PBXSourcesBuildPhase section */

/* Begin PBXTargetDependency section */
		93BD3B642E5B881F0064D527 /* PBXTargetDependency */ = {
			isa = PBXTargetDependency;
			target = 93BD3B542E5B881B0064D527 /* SpinVal */;
			targetProxy = 93BD3B632E5B881F0064D527 /* PBXContainerItemProxy */;
		};
		93BD3B6E2E5B881F0064D527 /* PBXTargetDependency */ = {
			isa = PBXTargetDependency;
			target = 93BD3B542E5B881B0064D527 /* SpinVal */;
			targetProxy = 93BD3B6D2E5B881F0064D527 /* PBXContainerItemProxy */;
		};
/* End PBXTargetDependency section */

/* Begin XCBuildConfiguration section */
		93BD3B742E5B881F0064D527 /* Debug */ = {
			isa = XCBuildConfiguration;
			buildSettings = {
				ALWAYS_SEARCH_USER_PATHS = NO;
				ASSETCATALOG_COMPILER_GENERATE_SWIFT_ASSET_SYMBOL_EXTENSIONS = YES;
				CLANG_ANALYZER_NONNULL = YES;
				CLANG_ANALYZER_NUMBER_OBJECT_CONVERSION = YES_AGGRESSIVE;
				CLANG_CXX_LANGUAGE_STANDARD = "gnu++20";
				CLANG_ENABLE_MODULES = YES;
				CLANG_ENABLE_OBJC_ARC = YES;
				CLANG_ENABLE_OBJC_WEAK = YES;
				CLANG_WARN_BLOCK_CAPTURE_AUTORELEASING = YES;
				CLANG_WARN_BOOL_CONVERSION = YES;
				CLANG_WARN_COMMA = YES;
				CLANG_WARN_CONSTANT_CONVERSION = YES;
				CLANG_WARN_DEPRECATED_OBJC_IMPLEMENTATIONS = YES;
				CLANG_WARN_DIRECT_OBJC_ISA_USAGE = YES_ERROR;
				CLANG_WARN_DOCUMENTATION_COMMENTS = YES;
				CLANG_WARN_EMPTY_BODY = YES;
				CLANG_WARN_ENUM_CONVERSION = YES;
				CLANG_WARN_INFINITE_RECURSION = YES;
				CLANG_WARN_INT_CONVERSION = YES;
				CLANG_WARN_NON_LITERAL_NULL_CONVERSION = YES;
				CLANG_WARN_OBJC_IMPLICIT_RETAIN_SELF = YES;
				CLANG_WARN_OBJC_LITERAL_CONVERSION = YES;
				CLANG_WARN_OBJC_ROOT_CLASS = YES_ERROR;
				CLANG_WARN_QUOTED_INCLUDE_IN_FRAMEWORK_HEADER = YES;
				CLANG_WARN_RANGE_LOOP_ANALYSIS = YES;
				CLANG_WARN_STRICT_PROTOTYPES = YES;
				CLANG_WARN_SUSPICIOUS_MOVE = YES;
				CLANG_WARN_UNGUARDED_AVAILABILITY = YES_AGGRESSIVE;
				CLANG_WARN_UNREACHABLE_CODE = YES;
				CLANG_WARN__DUPLICATE_METHOD_MATCH = YES;
				COPY_PHASE_STRIP = NO;
				DEBUG_INFORMATION_FORMAT = dwarf;
				ENABLE_STRICT_OBJC_MSGSEND = YES;
				ENABLE_TESTABILITY = YES;
				ENABLE_USER_SCRIPT_SANDBOXING = YES;
				GCC_C_LANGUAGE_STANDARD = gnu17;
				GCC_DYNAMIC_NO_PIC = NO;
				GCC_NO_COMMON_BLOCKS = YES;
				GCC_OPTIMIZATION_LEVEL = 0;
				GCC_PREPROCESSOR_DEFINITIONS = (
					"DEBUG=1",
					"$(inherited)",
				);
				GCC_WARN_64_TO_32_BIT_CONVERSION = YES;
				GCC_WARN_ABOUT_RETURN_TYPE = YES_ERROR;
				GCC_WARN_UNDECLARED_SELECTOR = YES;
				GCC_WARN_UNINITIALIZED_AUTOS = YES_AGGRESSIVE;
				GCC_WARN_UNUSED_FUNCTION = YES;
				GCC_WARN_UNUSED_VARIABLE = YES;
				IPHONEOS_DEPLOYMENT_TARGET = 18.5;
				LOCALIZATION_PREFERS_STRING_CATALOGS = YES;
				MTL_ENABLE_DEBUG_INFO = INCLUDE_SOURCE;
				MTL_FAST_MATH = YES;
				ONLY_ACTIVE_ARCH = YES;
				SDKROOT = iphoneos;
				SWIFT_ACTIVE_COMPILATION_CONDITIONS = "DEBUG $(inherited)";
				SWIFT_OPTIMIZATION_LEVEL = "-Onone";
			};
			name = Debug;
		};
		93BD3B752E5B881F0064D527 /* Release */ = {
			isa = XCBuildConfiguration;
			buildSettings = {
				ALWAYS_SEARCH_USER_PATHS = NO;
				ASSETCATALOG_COMPILER_GENERATE_SWIFT_ASSET_SYMBOL_EXTENSIONS = YES;
				CLANG_ANALYZER_NONNULL = YES;
				CLANG_ANALYZER_NUMBER_OBJECT_CONVERSION = YES_AGGRESSIVE;
				CLANG_CXX_LANGUAGE_STANDARD = "gnu++20";
				CLANG_ENABLE_MODULES = YES;
				CLANG_ENABLE_OBJC_ARC = YES;
				CLANG_ENABLE_OBJC_WEAK = YES;
				CLANG_WARN_BLOCK_CAPTURE_AUTORELEASING = YES;
				CLANG_WARN_BOOL_CONVERSION = YES;
				CLANG_WARN_COMMA = YES;
				CLANG_WARN_CONSTANT_CONVERSION = YES;
				CLANG_WARN_DEPRECATED_OBJC_IMPLEMENTATIONS = YES;
				CLANG_WARN_DIRECT_OBJC_ISA_USAGE = YES_ERROR;
				CLANG_WARN_DOCUMENTATION_COMMENTS = YES;
				CLANG_WARN_EMPTY_BODY = YES;
				CLANG_WARN_ENUM_CONVERSION = YES;
				CLANG_WARN_INFINITE_RECURSION = YES;
				CLANG_WARN_INT_CONVERSION = YES;
				CLANG_WARN_NON_LITERAL_NULL_CONVERSION = YES;
				CLANG_WARN_OBJC_IMPLICIT_RETAIN_SELF = YES;
				CLANG_WARN_OBJC_LITERAL_CONVERSION = YES;
				CLANG_WARN_OBJC_ROOT_CLASS = YES_ERROR;
				CLANG_WARN_QUOTED_INCLUDE_IN_FRAMEWORK_HEADER = YES;
				CLANG_WARN_RANGE_LOOP_ANALYSIS = YES;
				CLANG_WARN_STRICT_PROTOTYPES = YES;
				CLANG_WARN_SUSPICIOUS_MOVE = YES;
				CLANG_WARN_UNGUARDED_AVAILABILITY = YES_AGGRESSIVE;
				CLANG_WARN_UNREACHABLE_CODE = YES;
				CLANG_WARN__DUPLICATE_METHOD_MATCH = YES;
				COPY_PHASE_STRIP = NO;
				DEBUG_INFORMATION_FORMAT = "dwarf-with-dsym";
				ENABLE_NS_ASSERTIONS = NO;
				ENABLE_STRICT_OBJC_MSGSEND = YES;
				ENABLE_USER_SCRIPT_SANDBOXING = YES;
				GCC_C_LANGUAGE_STANDARD = gnu17;
				GCC_NO_COMMON_BLOCKS = YES;
				GCC_WARN_64_TO_32_BIT_CONVERSION = YES;
				GCC_WARN_ABOUT_RETURN_TYPE = YES_ERROR;
				GCC_WARN_UNDECLARED_SELECTOR = YES;
				GCC_WARN_UNINITIALIZED_AUTOS = YES_AGGRESSIVE;
				GCC_WARN_UNUSED_FUNCTION = YES;
				GCC_WARN_UNUSED_VARIABLE = YES;
				IPHONEOS_DEPLOYMENT_TARGET = 18.5;
				LOCALIZATION_PREFERS_STRING_CATALOGS = YES;
				MTL_ENABLE_DEBUG_INFO = NO;
				MTL_FAST_MATH = YES;
				SDKROOT = iphoneos;
				SWIFT_COMPILATION_MODE = wholemodule;
				VALIDATE_PRODUCT = YES;
			};
			name = Release;
		};
		93BD3B772E5B881F0064D527 /* Debug */ = {
			isa = XCBuildConfiguration;
			buildSettings = {
				ASSETCATALOG_COMPILER_APPICON_NAME = AppIcon;
				ASSETCATALOG_COMPILER_GLOBAL_ACCENT_COLOR_NAME = AccentColor;
				CODE_SIGN_STYLE = Automatic;
				CURRENT_PROJECT_VERSION = 1;
				ENABLE_PREVIEWS = YES;
				GENERATE_INFOPLIST_FILE = YES;
				INFOPLIST_FILE = SpinVal/Info.plist;
				INFOPLIST_KEY_NSCameraUsageDescription = "This app requires camera access to scan vinyl labels.";
				INFOPLIST_KEY_UIApplicationSceneManifest_Generation = YES;
				INFOPLIST_KEY_UIApplicationSupportsIndirectInputEvents = YES;
				INFOPLIST_KEY_UILaunchScreen_Generation = YES;
				INFOPLIST_KEY_UISupportedInterfaceOrientations_iPad = "UIInterfaceOrientationPortrait UIInterfaceOrientationPortraitUpsideDown UIInterfaceOrientationLandscapeLeft UIInterfaceOrientationLandscapeRight";
				INFOPLIST_KEY_UISupportedInterfaceOrientations_iPhone = "UIInterfaceOrientationPortrait UIInterfaceOrientationLandscapeLeft UIInterfaceOrientationLandscapeRight";
				LD_RUNPATH_SEARCH_PATHS = (
					"$(inherited)",
					"@executable_path/Frameworks",
				);
				MARKETING_VERSION = 1.0;
				NEW_SETTING = "";
				NEW_SETTING1 = "";
				PRODUCT_BUNDLE_IDENTIFIER = com.danilo.SpinVal;
				PRODUCT_NAME = "$(TARGET_NAME)";
				SWIFT_EMIT_LOC_STRINGS = YES;
				SWIFT_VERSION = 5.0;
				TARGETED_DEVICE_FAMILY = "1,2";
			};
			name = Debug;
		};
		93BD3B782E5B881F0064D527 /* Release */ = {
			isa = XCBuildConfiguration;
			buildSettings = {
				ASSETCATALOG_COMPILER_APPICON_NAME = AppIcon;
				ASSETCATALOG_COMPILER_GLOBAL_ACCENT_COLOR_NAME = AccentColor;
				CODE_SIGN_STYLE = Automatic;
				CURRENT_PROJECT_VERSION = 1;
				ENABLE_PREVIEWS = YES;
				GENERATE_INFOPLIST_FILE = YES;
				INFOPLIST_FILE = SpinVal/Info.plist;
				INFOPLIST_KEY_NSCameraUsageDescription = "This app requires camera access to scan vinyl labels.";
				INFOPLIST_KEY_UIApplicationSceneManifest_Generation = YES;
				INFOPLIST_KEY_UIApplicationSupportsIndirectInputEvents = YES;
				INFOPLIST_KEY_UILaunchScreen_Generation = YES;
				INFOPLIST_KEY_UISupportedInterfaceOrientations_iPad = "UIInterfaceOrientationPortrait UIInterfaceOrientationPortraitUpsideDown UIInterfaceOrientationLandscapeLeft UIInterfaceOrientationLandscapeRight";
				INFOPLIST_KEY_UISupportedInterfaceOrientations_iPhone = "UIInterfaceOrientationPortrait UIInterfaceOrientationLandscapeLeft UIInterfaceOrientationLandscapeRight";
				LD_RUNPATH_SEARCH_PATHS = (
					"$(inherited)",
					"@executable_path/Frameworks",
				);
				MARKETING_VERSION = 1.0;
				NEW_SETTING = "";
				NEW_SETTING1 = "";
				PRODUCT_BUNDLE_IDENTIFIER = com.danilo.SpinVal;
				PRODUCT_NAME = "$(TARGET_NAME)";
				SWIFT_EMIT_LOC_STRINGS = YES;
				SWIFT_VERSION = 5.0;
				TARGETED_DEVICE_FAMILY = "1,2";
			};
			name = Release;
		};
		93BD3B7A2E5B881F0064D527 /* Debug */ = {
			isa = XCBuildConfiguration;
			buildSettings = {
				BUNDLE_LOADER = "$(TEST_HOST)";
				CODE_SIGN_STYLE = Automatic;
				CURRENT_PROJECT_VERSION = 1;
				GENERATE_INFOPLIST_FILE = YES;
				IPHONEOS_DEPLOYMENT_TARGET = 18.5;
				MARKETING_VERSION = 1.0;
				PRODUCT_BUNDLE_IDENTIFIER = com.danilo.SpinValTests;
				PRODUCT_NAME = "$(TARGET_NAME)";
				SWIFT_EMIT_LOC_STRINGS = NO;
				SWIFT_VERSION = 5.0;
				TARGETED_DEVICE_FAMILY = "1,2";
				TEST_HOST = "$(BUILT_PRODUCTS_DIR)/SpinVal.app/$(BUNDLE_EXECUTABLE_FOLDER_PATH)/SpinVal";
			};
			name = Debug;
		};
		93BD3B7B2E5B881F0064D527 /* Release */ = {
			isa = XCBuildConfiguration;
			buildSettings = {
				BUNDLE_LOADER = "$(TEST_HOST)";
				CODE_SIGN_STYLE = Automatic;
				CURRENT_PROJECT_VERSION = 1;
				GENERATE_INFOPLIST_FILE = YES;
				IPHONEOS_DEPLOYMENT_TARGET = 18.5;
				MARKETING_VERSION = 1.0;
				PRODUCT_BUNDLE_IDENTIFIER = com.danilo.SpinValTests;
				PRODUCT_NAME = "$(TARGET_NAME)";
				SWIFT_EMIT_LOC_STRINGS = NO;
				SWIFT_VERSION = 5.0;
				TARGETED_DEVICE_FAMILY = "1,2";
				TEST_HOST = "$(BUILT_PRODUCTS_DIR)/SpinVal.app/$(BUNDLE_EXECUTABLE_FOLDER_PATH)/SpinVal";
			};
			name = Release;
		};
		93BD3B7D2E5B881F0064D527 /* Debug */ = {
			isa = XCBuildConfiguration;
			buildSettings = {
				CODE_SIGN_STYLE = Automatic;
				CURRENT_PROJECT_VERSION = 1;
				GENERATE_INFOPLIST_FILE = YES;
				MARKETING_VERSION = 1.0;
				PRODUCT_BUNDLE_IDENTIFIER = com.danilo.SpinValUITests;
				PRODUCT_NAME = "$(TARGET_NAME)";
				SWIFT_EMIT_LOC_STRINGS = NO;
				SWIFT_VERSION = 5.0;
				TARGETED_DEVICE_FAMILY = "1,2";
				TEST_TARGET_NAME = SpinVal;
			};
			name = Debug;
		};
		93BD3B7E2E5B881F0064D527 /* Release */ = {
			isa = XCBuildConfiguration;
			buildSettings = {
				CODE_SIGN_STYLE = Automatic;
				CURRENT_PROJECT_VERSION = 1;
				GENERATE_INFOPLIST_FILE = YES;
				MARKETING_VERSION = 1.0;
				PRODUCT_BUNDLE_IDENTIFIER = com.danilo.SpinValUITests;
				PRODUCT_NAME = "$(TARGET_NAME)";
				SWIFT_EMIT_LOC_STRINGS = NO;
				SWIFT_VERSION = 5.0;
				TARGETED_DEVICE_FAMILY = "1,2";
				TEST_TARGET_NAME = SpinVal;
			};
			name = Release;
		};
/* End XCBuildConfiguration section */

/* Begin XCConfigurationList section */
		93BD3B502E5B881B0064D527 /* Build configuration list for PBXProject "SpinVal" */ = {
			isa = XCConfigurationList;
			buildConfigurations = (
				93BD3B742E5B881F0064D527 /* Debug */,
				93BD3B752E5B881F0064D527 /* Release */,
			);
			defaultConfigurationIsVisible = 0;
			defaultConfigurationName = Release;
		};
		93BD3B762E5B881F0064D527 /* Build configuration list for PBXNativeTarget "SpinVal" */ = {
			isa = XCConfigurationList;
			buildConfigurations = (
				93BD3B772E5B881F0064D527 /* Debug */,
				93BD3B782E5B881F0064D527 /* Release */,
			);
			defaultConfigurationIsVisible = 0;
			defaultConfigurationName = Release;
		};
		93BD3B792E5B881F0064D527 /* Build configuration list for PBXNativeTarget "SpinValTests" */ = {
			isa = XCConfigurationList;
			buildConfigurations = (
				93BD3B7A2E5B881F0064D527 /* Debug */,
				93BD3B7B2E5B881F0064D527 /* Release */,
			);
			defaultConfigurationIsVisible = 0;
			defaultConfigurationName = Release;
		};
		93BD3B7C2E5B881F0064D527 /* Build configuration list for PBXNativeTarget "SpinValUITests" */ = {
			isa = XCConfigurationList;
			buildConfigurations = (
				93BD3B7D2E5B881F0064D527 /* Debug */,
				93BD3B7E2E5B881F0064D527 /* Release */,
			);
			defaultConfigurationIsVisible = 0;
			defaultConfigurationName = Release;
		};
/* End XCConfigurationList section */
	};
	rootObject = 93BD3B4D2E5B881B0064D527 /* Project object */;
}
